{
  "name": "webkit",
  "version": "1.0.0",
  "lockfileVersion": 1,
  "requires": true,
  "dependencies": {
    "material-design-icons": {
      "version": "3.0.1",
      "resolved": "https://registry.npmjs.org/material-design-icons/-/material-design-icons-3.0.1.tgz",
      "integrity": "sha1-mnHEh0chjrylHlGmbaaCA4zct78="
    },
    "material-icons": {
      "version": "0.2.1",
      "resolved": "https://registry.npmjs.org/material-icons/-/material-icons-0.2.1.tgz",
      "integrity": "sha512-bfC+3725JS0N7KQUy1Q9345HxMBGi0Ju4NnCTGCCPk5uDqcwnCtO0X/ofzunDH9LABD/ShGTht8sZnWFVCRzuw=="
    }
  }
}
